
Microsoft Visual Studio Solution File, Format Version 12.00
# Visual Studio Version 17
VisualStudioVersion = 17.0.31903.59
MinimumVisualStudioVersion = 10.0.40219.1
Project("{2150E333-8FDC-42A3-9474-1A3956D46DE8}") = "src", "src", "{827E0CD3-B72D-47B6-A68D-7590B98EB39B}"
EndProject
Project("{FAE04EC0-301F-11D3-BF4B-00C04F79EFBC}") = "Chat.Client", "src\Chat.Client\Chat.Client.csproj", "{D9A98F85-B5B4-48F4-B83F-D65AF20F991B}"
EndProject
Project("{FAE04EC0-301F-11D3-BF4B-00C04F79EFBC}") = "Chat.Client.Core", "src\Chat.Client.Core\Chat.Client.Core.csproj", "{FF96FCC0-F649-45EC-96FB-5C3C8A325AF7}"
EndProject
Project("{2150E333-8FDC-42A3-9474-1A3956D46DE8}") = "tests", "tests", "{0AB3BF05-4346-4AA6-1389-037BE0695223}"
EndProject
Project("{FAE04EC0-301F-11D3-BF4B-00C04F79EFBC}") = "Chat.Client.Tests", "tests\Chat.Client.Tests\Chat.Client.Tests.csproj", "{B1332ABC-C35F-45B2-A938-4D5C33DD81B7}"
EndProject
Project("{FAE04EC0-301F-11D3-BF4B-00C04F79EFBC}") = "Chat.Client.Infrastructure", "src\Chat.Client.Infrastructure\Chat.Client.Infrastructure.csproj", "{E8A63C11-3F9B-4F42-90E1-A2B6F6DD0386}"
	ProjectSection(ProjectDependencies) = postProject
		{FF96FCC0-F649-45EC-96FB-5C3C8A325AF7} = {FF96FCC0-F649-45EC-96FB-5C3C8A325AF7}
	EndProjectSection
EndProject
Global
	GlobalSection(SolutionConfigurationPlatforms) = preSolution
		Debug|Any CPU = Debug|Any CPU
		Debug|x64 = Debug|x64
		Debug|x86 = Debug|x86
		Release|Any CPU = Release|Any CPU
		Release|x64 = Release|x64
		Release|x86 = Release|x86
	EndGlobalSection
	GlobalSection(ProjectConfigurationPlatforms) = postSolution
		{D9A98F85-B5B4-48F4-B83F-D65AF20F991B}.Debug|Any CPU.ActiveCfg = Debug|Any CPU
		{D9A98F85-B5B4-48F4-B83F-D65AF20F991B}.Debug|Any CPU.Build.0 = Debug|Any CPU
		{D9A98F85-B5B4-48F4-B83F-D65AF20F991B}.Debug|x64.ActiveCfg = Debug|Any CPU
		{D9A98F85-B5B4-48F4-B83F-D65AF20F991B}.Debug|x64.Build.0 = Debug|Any CPU
		{D9A98F85-B5B4-48F4-B83F-D65AF20F991B}.Debug|x86.ActiveCfg = Debug|Any CPU
		{D9A98F85-B5B4-48F4-B83F-D65AF20F991B}.Debug|x86.Build.0 = Debug|Any CPU
		{D9A98F85-B5B4-48F4-B83F-D65AF20F991B}.Release|Any CPU.ActiveCfg = Release|Any CPU
		{D9A98F85-B5B4-48F4-B83F-D65AF20F991B}.Release|Any CPU.Build.0 = Release|Any CPU
		{D9A98F85-B5B4-48F4-B83F-D65AF20F991B}.Release|x64.ActiveCfg = Release|Any CPU
		{D9A98F85-B5B4-48F4-B83F-D65AF20F991B}.Release|x64.Build.0 = Release|Any CPU
		{D9A98F85-B5B4-48F4-B83F-D65AF20F991B}.Release|x86.ActiveCfg = Release|Any CPU
		{D9A98F85-B5B4-48F4-B83F-D65AF20F991B}.Release|x86.Build.0 = Release|Any CPU
		{FF96FCC0-F649-45EC-96FB-5C3C8A325AF7}.Debug|Any CPU.ActiveCfg = Debug|Any CPU
		{FF96FCC0-F649-45EC-96FB-5C3C8A325AF7}.Debug|Any CPU.Build.0 = Debug|Any CPU
		{FF96FCC0-F649-45EC-96FB-5C3C8A325AF7}.Debug|x64.ActiveCfg = Debug|Any CPU
		{FF96FCC0-F649-45EC-96FB-5C3C8A325AF7}.Debug|x64.Build.0 = Debug|Any CPU
		{FF96FCC0-F649-45EC-96FB-5C3C8A325AF7}.Debug|x86.ActiveCfg = Debug|Any CPU
		{FF96FCC0-F649-45EC-96FB-5C3C8A325AF7}.Debug|x86.Build.0 = Debug|Any CPU
		{FF96FCC0-F649-45EC-96FB-5C3C8A325AF7}.Release|Any CPU.ActiveCfg = Release|Any CPU
		{FF96FCC0-F649-45EC-96FB-5C3C8A325AF7}.Release|Any CPU.Build.0 = Release|Any CPU
		{FF96FCC0-F649-45EC-96FB-5C3C8A325AF7}.Release|x64.ActiveCfg = Release|Any CPU
		{FF96FCC0-F649-45EC-96FB-5C3C8A325AF7}.Release|x64.Build.0 = Release|Any CPU
		{FF96FCC0-F649-45EC-96FB-5C3C8A325AF7}.Release|x86.ActiveCfg = Release|Any CPU
		{FF96FCC0-F649-45EC-96FB-5C3C8A325AF7}.Release|x86.Build.0 = Release|Any CPU
		{B1332ABC-C35F-45B2-A938-4D5C33DD81B7}.Debug|Any CPU.ActiveCfg = Debug|Any CPU
		{B1332ABC-C35F-45B2-A938-4D5C33DD81B7}.Debug|Any CPU.Build.0 = Debug|Any CPU
		{B1332ABC-C35F-45B2-A938-4D5C33DD81B7}.Debug|x64.ActiveCfg = Debug|Any CPU
		{B1332ABC-C35F-45B2-A938-4D5C33DD81B7}.Debug|x64.Build.0 = Debug|Any CPU
		{B1332ABC-C35F-45B2-A938-4D5C33DD81B7}.Debug|x86.ActiveCfg = Debug|Any CPU
		{B1332ABC-C35F-45B2-A938-4D5C33DD81B7}.Debug|x86.Build.0 = Debug|Any CPU
		{B1332ABC-C35F-45B2-A938-4D5C33DD81B7}.Release|Any CPU.ActiveCfg = Release|Any CPU
		{B1332ABC-C35F-45B2-A938-4D5C33DD81B7}.Release|Any CPU.Build.0 = Release|Any CPU
		{B1332ABC-C35F-45B2-A938-4D5C33DD81B7}.Release|x64.ActiveCfg = Release|Any CPU
		{B1332ABC-C35F-45B2-A938-4D5C33DD81B7}.Release|x64.Build.0 = Release|Any CPU
		{B1332ABC-C35F-45B2-A938-4D5C33DD81B7}.Release|x86.ActiveCfg = Release|Any CPU
		{B1332ABC-C35F-45B2-A938-4D5C33DD81B7}.Release|x86.Build.0 = Release|Any CPU
		{E8A63C11-3F9B-4F42-90E1-A2B6F6DD0386}.Debug|Any CPU.ActiveCfg = Debug|Any CPU
		{E8A63C11-3F9B-4F42-90E1-A2B6F6DD0386}.Debug|Any CPU.Build.0 = Debug|Any CPU
		{E8A63C11-3F9B-4F42-90E1-A2B6F6DD0386}.Debug|x64.ActiveCfg = Debug|Any CPU
		{E8A63C11-3F9B-4F42-90E1-A2B6F6DD0386}.Debug|x64.Build.0 = Debug|Any CPU
		{E8A63C11-3F9B-4F42-90E1-A2B6F6DD0386}.Debug|x86.ActiveCfg = Debug|Any CPU
		{E8A63C11-3F9B-4F42-90E1-A2B6F6DD0386}.Debug|x86.Build.0 = Debug|Any CPU
		{E8A63C11-3F9B-4F42-90E1-A2B6F6DD0386}.Release|Any CPU.ActiveCfg = Release|Any CPU
		{E8A63C11-3F9B-4F42-90E1-A2B6F6DD0386}.Release|Any CPU.Build.0 = Release|Any CPU
		{E8A63C11-3F9B-4F42-90E1-A2B6F6DD0386}.Release|x64.ActiveCfg = Release|Any CPU
		{E8A63C11-3F9B-4F42-90E1-A2B6F6DD0386}.Release|x64.Build.0 = Release|Any CPU
		{E8A63C11-3F9B-4F42-90E1-A2B6F6DD0386}.Release|x86.ActiveCfg = Release|Any CPU
		{E8A63C11-3F9B-4F42-90E1-A2B6F6DD0386}.Release|x86.Build.0 = Release|Any CPU
	EndGlobalSection
	GlobalSection(SolutionProperties) = preSolution
		HideSolutionNode = FALSE
	EndGlobalSection
	GlobalSection(NestedProjects) = preSolution
		{D9A98F85-B5B4-48F4-B83F-D65AF20F991B} = {827E0CD3-B72D-47B6-A68D-7590B98EB39B}
		{FF96FCC0-F649-45EC-96FB-5C3C8A325AF7} = {827E0CD3-B72D-47B6-A68D-7590B98EB39B}
		{B1332ABC-C35F-45B2-A938-4D5C33DD81B7} = {0AB3BF05-4346-4AA6-1389-037BE0695223}
		{E8A63C11-3F9B-4F42-90E1-A2B6F6DD0386} = {827E0CD3-B72D-47B6-A68D-7590B98EB39B}
	EndGlobalSection
	GlobalSection(ExtensibilityGlobals) = postSolution
		SolutionGuid = {82FC0120-2295-4FC6-A28E-60F690297B7A}
	EndGlobalSection
EndGlobal
